{
  "version": 4,
  "terraform_version": "0.15.4",
  "serial": 19,
  "lineage": "d46efdf7-ac67-4472-84e9-81088ffb3a1b",
  "outputs": {
    "container_name": {
      "value": "blog_prod",
      "type": "string"
    }
  },
  "resources": [
    {
      "mode": "managed",
      "type": "docker_container",
      "name": "container_id",
      "provider": "provider[\"registry.terraform.io/kreuzwerker/docker\"]",
      "instances": []
    },
    {
      "mode": "managed",
      "type": "docker_image",
      "name": "image_id",
      "provider": "provider[\"registry.terraform.io/kreuzwerker/docker\"]",
      "instances": [
        {
          "schema_version": 0,
          "attributes": {
            "build": [],
            "force_remove": null,
            "id": "sha256:b90f2b58e9e107d6452322f40ec8c62ba412dc0f7787d41a7758383d31f06cd2ghost:alpine",
            "keep_locally": null,
            "latest": "sha256:b90f2b58e9e107d6452322f40ec8c62ba412dc0f7787d41a7758383d31f06cd2",
            "name": "ghost:alpine",
            "output": null,
            "pull_trigger": null,
            "pull_triggers": null
          },
          "sensitive_attributes": [],
          "private": "bnVsbA=="
        }
      ]
    }
  ]
}
